# This file was autogenerated by uv via the following command:
#    uv pip compile pyproject.toml -o requirements.lock
arrow==1.4.0
    # via stravalib
certifi==2026.2.25
    # via requests
charset-normalizer==3.4.4
    # via requests
click==8.3.1
    # via garava (pyproject.toml)
flexcache==0.3
    # via pint
flexparser==0.4
    # via pint
garth==0.6.3
    # via garava (pyproject.toml)
idna==3.11
    # via requests
oauthlib==3.3.1
    # via requests-oauthlib
pint==0.25.2
    # via stravalib
platformdirs==4.9.2
    # via pint
pydantic==1.10.26
    # via
    #   garth
    #   stravalib
python-dateutil==2.9.0.post0
    # via arrow
python-dotenv==1.2.1
    # via garava (pyproject.toml)
pytz==2025.2
    # via stravalib
requests==2.32.5
    # via
    #   garth
    #   requests-oauthlib
    #   stravalib
requests-oauthlib==2.0.0
    # via garth
six==1.17.0
    # via python-dateutil
stravalib==1.7
    # via garava (pyproject.toml)
typing-extensions==4.15.0
    # via
    #   flexcache
    #   flexparser
    #   pint
    #   pydantic
tzdata==2025.3
    # via arrow
urllib3==2.6.3
    # via requests
